{
  "originHash" : "88d7673b251b3cbb9c40069df64b8e0aa1c4062dac38b066e5314b1847241136",
  "pins" : [
    {
      "identity" : "kmp-observableviewmodel",
      "kind" : "remoteSourceControl",
      "location" : "https://github.com/rickclephas/KMP-ObservableViewModel.git",
      "state" : {
        "branch" : "master",
        "revision" : "22176988d20a61f57ccf33562ec8ede370ecd42c"
      }
    }
  ],
  "version" : 3
}
